Microsoft Visual Studio Solution File, Format Version 12.00
# Visual Studio Version 17
VisualStudioVersion = 17.13.35931.197
MinimumVisualStudioVersion = 10.0.40219.1
Project("{FAE04EC0-301F-11D3-BF4B-00C04F79EFBC}") = "SenacFoods", "SenacFoods\SenacFoods.csproj", "{59AEDA69-F514-4981-B62B-31BB053F32ED}"
EndProject
Global
	GlobalSection(SolutionConfigurationPlatforms) = preSolution
		Debug|Any CPU = Debug|Any CPU
		Release|Any CPU = Release|Any CPU
	EndGlobalSection
	GlobalSection(ProjectConfigurationPlatforms) = postSolution
		{59AEDA69-F514-4981-B62B-31BB053F32ED}.Debug|Any CPU.ActiveCfg = Debug|Any CPU
		{59AEDA69-F514-4981-B62B-31BB053F32ED}.Debug|Any CPU.Build.0 = Debug|Any CPU
		{59AEDA69-F514-4981-B62B-31BB053F32ED}.Release|Any CPU.ActiveCfg = Release|Any CPU
		{59AEDA69-F514-4981-B62B-31BB053F32ED}.Release|Any CPU.Build.0 = Release|Any CPU
	EndGlobalSection
	GlobalSection(SolutionProperties) = preSolution
		HideSolutionNode = FALSE
	EndGlobalSection
	GlobalSection(ExtensibilityGlobals) = postSolution
		SolutionGuid = {795C4BCC-3E3C-44D1-A6A3-CEA80A97E610}
	EndGlobalSection
EndGlobal
